// !$*UTF8*$!
{
	archiveVersion = 1;
	classes = {
	};
	objectVersion = 56;
	objects = {

/* Begin PBXBuildFile section */
		2D536B6429D6537B001F7BE2 /* SwiftUIBasicAnimationsAndTransitionsApp.swift in Sources */ = {isa = PBXBuildFile; fileRef = 2D536B6329D6537B001F7BE2 /* SwiftUIBasicAnimationsAndTransitionsApp.swift */; };
		2D536B6629D6537B001F7BE2 /* ContentView.swift in Sources */ = {isa = PBXBuildFile; fileRef = 2D536B6529D6537B001F7BE2 /* ContentView.swift */; };
		2D536B6829D6537C001F7BE2 /* Assets.xcassets in Resources */ = {isa = PBXBuildFile; fileRef = 2D536B6729D6537C001F7BE2 /* Assets.xcassets */; };
		2D536B6B29D6537C001F7BE2 /* Preview Assets.xcassets in Resources */ = {isa = PBXBuildFile; fileRef = 2D536B6A29D6537C001F7BE2 /* Preview Assets.xcassets */; };
		2DA25B8229E4A4E2001D459D /* SimpleTransition.swift in Sources */ = {isa = PBXBuildFile; fileRef = 2DA25B8129E4A4E2001D459D /* SimpleTransition.swift */; };
		2DA25B8429E4A9A2001D459D /* SubmitButton.swift in Sources */ = {isa = PBXBuildFile; fileRef = 2DA25B8329E4A9A2001D459D /* SubmitButton.swift */; };
		2DA25B8729E8C4CD001D459D /* CardView.swift in Sources */ = {isa = PBXBuildFile; fileRef = 2DA25B8529E8C4CD001D459D /* CardView.swift */; };
		2DA25B8829E8C4CD001D459D /* HeaderView.swift in Sources */ = {isa = PBXBuildFile; fileRef = 2DA25B8629E8C4CD001D459D /* HeaderView.swift */; };
		2DA25B8A29E8C5BB001D459D /* CardTransitions.swift in Sources */ = {isa = PBXBuildFile; fileRef = 2DA25B8929E8C5BB001D459D /* CardTransitions.swift */; };
/* End PBXBuildFile section */

/* Begin PBXFileReference section */
		2D536B6029D6537B001F7BE2 /* SwiftUIBasicAnimationsAndTransitions.app */ = {isa = PBXFileReference; explicitFileType = wrapper.application; includeInIndex = 0; path = SwiftUIBasicAnimationsAndTransitions.app; sourceTree = BUILT_PRODUCTS_DIR; };
		2D536B6329D6537B001F7BE2 /* SwiftUIBasicAnimationsAndTransitionsApp.swift */ = {isa = PBXFileReference; lastKnownFileType = sourcecode.swift; path = SwiftUIBasicAnimationsAndTransitionsApp.swift; sourceTree = "<group>"; };
		2D536B6529D6537B001F7BE2 /* ContentView.swift */ = {isa = PBXFileReference; lastKnownFileType = sourcecode.swift; path = ContentView.swift; sourceTree = "<group>"; };
		2D536B6729D6537C001F7BE2 /* Assets.xcassets */ = {isa = PBXFileReference; lastKnownFileType = folder.assetcatalog; path = Assets.xcassets; sourceTree = "<group>"; };
		2D536B6A29D6537C001F7BE2 /* Preview Assets.xcassets */ = {isa = PBXFileReference; lastKnownFileType = folder.assetcatalog; path = "Preview Assets.xcassets"; sourceTree = "<group>"; };
		2DA25B8129E4A4E2001D459D /* SimpleTransition.swift */ = {isa = PBXFileReference; lastKnownFileType = sourcecode.swift; path = SimpleTransition.swift; sourceTree = "<group>"; };
		2DA25B8329E4A9A2001D459D /* SubmitButton.swift */ = {isa = PBXFileReference; lastKnownFileType = sourcecode.swift; path = SubmitButton.swift; sourceTree = "<group>"; };
		2DA25B8529E8C4CD001D459D /* CardView.swift */ = {isa = PBXFileReference; fileEncoding = 4; lastKnownFileType = sourcecode.swift; path = CardView.swift; sourceTree = "<group>"; };
		2DA25B8629E8C4CD001D459D /* HeaderView.swift */ = {isa = PBXFileReference; fileEncoding = 4; lastKnownFileType = sourcecode.swift; path = HeaderView.swift; sourceTree = "<group>"; };
		2DA25B8929E8C5BB001D459D /* CardTransitions.swift */ = {isa = PBXFileReference; lastKnownFileType = sourcecode.swift; path = CardTransitions.swift; sourceTree = "<group>"; };
/* End PBXFileReference section */

/* Begin PBXFrameworksBuildPhase section */
		2D536B5D29D6537B001F7BE2 /* Frameworks */ = {
			isa = PBXFrameworksBuildPhase;
			buildActionMask = 2147483647;
			files = (
			);
			runOnlyForDeploymentPostprocessing = 0;
		};
/* End PBXFrameworksBuildPhase section */

/* Begin PBXGroup section */
		2D536B5729D6537B001F7BE2 = {
			isa = PBXGroup;
			children = (
				2D536B6229D6537B001F7BE2 /* SwiftUIBasicAnimationsAndTransitions */,
				2D536B6129D6537B001F7BE2 /* Products */,
			);
			sourceTree = "<group>";
		};
		2D536B6129D6537B001F7BE2 /* Products */ = {
			isa = PBXGroup;
			children = (
				2D536B6029D6537B001F7BE2 /* SwiftUIBasicAnimationsAndTransitions.app */,
			);
			name = Products;
			sourceTree = "<group>";
		};
		2D536B6229D6537B001F7BE2 /* SwiftUIBasicAnimationsAndTransitions */ = {
			isa = PBXGroup;
			children = (
				2DA25B8529E8C4CD001D459D /* CardView.swift */,
				2DA25B8629E8C4CD001D459D /* HeaderView.swift */,
				2D536B6329D6537B001F7BE2 /* SwiftUIBasicAnimationsAndTransitionsApp.swift */,
				2D536B6529D6537B001F7BE2 /* ContentView.swift */,
				2DA25B8129E4A4E2001D459D /* SimpleTransition.swift */,
				2DA25B8329E4A9A2001D459D /* SubmitButton.swift */,
				2D536B6729D6537C001F7BE2 /* Assets.xcassets */,
				2D536B6929D6537C001F7BE2 /* Preview Content */,
				2DA25B8929E8C5BB001D459D /* CardTransitions.swift */,
			);
			path = SwiftUIBasicAnimationsAndTransitions;
			sourceTree = "<group>";
		};
		2D536B6929D6537C001F7BE2 /* Preview Content */ = {
			isa = PBXGroup;
			children = (
				2D536B6A29D6537C001F7BE2 /* Preview Assets.xcassets */,
			);
			path = "Preview Content";
			sourceTree = "<group>";
		};
/* End PBXGroup section */

/* Begin PBXNativeTarget section */
		2D536B5F29D6537B001F7BE2 /* SwiftUIBasicAnimationsAndTransitions */ = {
			isa = PBXNativeTarget;
			buildConfigurationList = 2D536B6E29D6537C001F7BE2 /* Build configuration list for PBXNativeTarget "SwiftUIBasicAnimationsAndTransitions" */;
			buildPhases = (
				2D536B5C29D6537B001F7BE2 /* Sources */,
				2D536B5D29D6537B001F7BE2 /* Frameworks */,
				2D536B5E29D6537B001F7BE2 /* Resources */,
			);
			buildRules = (
			);
			dependencies = (
			);
			name = SwiftUIBasicAnimationsAndTransitions;
			productName = SwiftUIBasicAnimationsAndTransitions;
			productReference = 2D536B6029D6537B001F7BE2 /* SwiftUIBasicAnimationsAndTransitions.app */;
			productType = "com.apple.product-type.application";
		};
/* End PBXNativeTarget section */

/* Begin PBXProject section */
		2D536B5829D6537B001F7BE2 /* Project object */ = {
			isa = PBXProject;
			attributes = {
				BuildIndependentTargetsInParallel = 1;
				LastSwiftUpdateCheck = 1420;
				LastUpgradeCheck = 1420;
				TargetAttributes = {
					2D536B5F29D6537B001F7BE2 = {
						CreatedOnToolsVersion = 14.2;
					};
				};
			};
			buildConfigurationList = 2D536B5B29D6537B001F7BE2 /* Build configuration list for PBXProject "SwiftUIBasicAnimationsAndTransitions" */;
			compatibilityVersion = "Xcode 14.0";
			developmentRegion = en;
			hasScannedForEncodings = 0;
			knownRegions = (
				en,
				Base,
			);
			mainGroup = 2D536B5729D6537B001F7BE2;
			productRefGroup = 2D536B6129D6537B001F7BE2 /* Products */;
			projectDirPath = "";
			projectRoot = "";
			targets = (
				2D536B5F29D6537B001F7BE2 /* SwiftUIBasicAnimationsAndTransitions */,
			);
		};
/* End PBXProject section */

/* Begin PBXResourcesBuildPhase section */
		2D536B5E29D6537B001F7BE2 /* Resources */ = {
			isa = PBXResourcesBuildPhase;
			buildActionMask = 2147483647;
			files = (
				2D536B6B29D6537C001F7BE2 /* Preview Assets.xcassets in Resources */,
				2D536B6829D6537C001F7BE2 /* Assets.xcassets in Resources */,
			);
			runOnlyForDeploymentPostprocessing = 0;
		};
/* End PBXResourcesBuildPhase section */

/* Begin PBXSourcesBuildPhase section */
		2D536B5C29D6537B001F7BE2 /* Sources */ = {
			isa = PBXSourcesBuildPhase;
			buildActionMask = 2147483647;
			files = (
				2DA25B8A29E8C5BB001D459D /* CardTransitions.swift in Sources */,
				2D536B6629D6537B001F7BE2 /* ContentView.swift in Sources */,
				2DA25B8829E8C4CD001D459D /* HeaderView.swift in Sources */,
				2DA25B8429E4A9A2001D459D /* SubmitButton.swift in Sources */,
				2D536B6429D6537B001F7BE2 /* SwiftUIBasicAnimationsAndTransitionsApp.swift in Sources */,
				2DA25B8229E4A4E2001D459D /* SimpleTransition.swift in Sources */,
				2DA25B8729E8C4CD001D459D /* CardView.swift in Sources */,
			);
			runOnlyForDeploymentPostprocessing = 0;
		};
/* End PBXSourcesBuildPhase section */

/* Begin XCBuildConfiguration section */
		2D536B6C29D6537C001F7BE2 /* Debug */ = {
			isa = XCBuildConfiguration;
			buildSettings = {
				ALWAYS_SEARCH_USER_PATHS = NO;
				CLANG_ANALYZER_NONNULL = YES;
				CLANG_ANALYZER_NUMBER_OBJECT_CONVERSION = YES_AGGRESSIVE;
				CLANG_CXX_LANGUAGE_STANDARD = "gnu++20";
				CLANG_ENABLE_MODULES = YES;
				CLANG_ENABLE_OBJC_ARC = YES;
				CLANG_ENABLE_OBJC_WEAK = YES;
				CLANG_WARN_BLOCK_CAPTURE_AUTORELEASING = YES;
				CLANG_WARN_BOOL_CONVERSION = YES;
				CLANG_WARN_COMMA = YES;
				CLANG_WARN_CONSTANT_CONVERSION = YES;
				CLANG_WARN_DEPRECATED_OBJC_IMPLEMENTATIONS = YES;
				CLANG_WARN_DIRECT_OBJC_ISA_USAGE = YES_ERROR;
				CLANG_WARN_DOCUMENTATION_COMMENTS = YES;
				CLANG_WARN_EMPTY_BODY = YES;
				CLANG_WARN_ENUM_CONVERSION = YES;
				CLANG_WARN_INFINITE_RECURSION = YES;
				CLANG_WARN_INT_CONVERSION = YES;
				CLANG_WARN_NON_LITERAL_NULL_CONVERSION = YES;
				CLANG_WARN_OBJC_IMPLICIT_RETAIN_SELF = YES;
				CLANG_WARN_OBJC_LITERAL_CONVERSION = YES;
				CLANG_WARN_OBJC_ROOT_CLASS = YES_ERROR;
				CLANG_WARN_QUOTED_INCLUDE_IN_FRAMEWORK_HEADER = YES;
				CLANG_WARN_RANGE_LOOP_ANALYSIS = YES;
				CLANG_WARN_STRICT_PROTOTYPES = YES;
				CLANG_WARN_SUSPICIOUS_MOVE = YES;
				CLANG_WARN_UNGUARDED_AVAILABILITY = YES_AGGRESSIVE;
				CLANG_WARN_UNREACHABLE_CODE = YES;
				CLANG_WARN__DUPLICATE_METHOD_MATCH = YES;
				COPY_PHASE_STRIP = NO;
				DEBUG_INFORMATION_FORMAT = dwarf;
				ENABLE_STRICT_OBJC_MSGSEND = YES;
				ENABLE_TESTABILITY = YES;
				GCC_C_LANGUAGE_STANDARD = gnu11;
				GCC_DYNAMIC_NO_PIC = NO;
				GCC_NO_COMMON_BLOCKS = YES;
				GCC_OPTIMIZATION_LEVEL = 0;
				GCC_PREPROCESSOR_DEFINITIONS = (
					"DEBUG=1",
					"$(inherited)",
				);
				GCC_WARN_64_TO_32_BIT_CONVERSION = YES;
				GCC_WARN_ABOUT_RETURN_TYPE = YES_ERROR;
				GCC_WARN_UNDECLARED_SELECTOR = YES;
				GCC_WARN_UNINITIALIZED_AUTOS = YES_AGGRESSIVE;
				GCC_WARN_UNUSED_FUNCTION = YES;
				GCC_WARN_UNUSED_VARIABLE = YES;
				IPHONEOS_DEPLOYMENT_TARGET = 16.2;
				MTL_ENABLE_DEBUG_INFO = INCLUDE_SOURCE;
				MTL_FAST_MATH = YES;
				ONLY_ACTIVE_ARCH = YES;
				SDKROOT = iphoneos;
				SWIFT_ACTIVE_COMPILATION_CONDITIONS = DEBUG;
				SWIFT_OPTIMIZATION_LEVEL = "-Onone";
			};
			name = Debug;
		};
		2D536B6D29D6537C001F7BE2 /* Release */ = {
			isa = XCBuildConfiguration;
			buildSettings = {
				ALWAYS_SEARCH_USER_PATHS = NO;
				CLANG_ANALYZER_NONNULL = YES;
				CLANG_ANALYZER_NUMBER_OBJECT_CONVERSION = YES_AGGRESSIVE;
				CLANG_CXX_LANGUAGE_STANDARD = "gnu++20";
				CLANG_ENABLE_MODULES = YES;
				CLANG_ENABLE_OBJC_ARC = YES;
				CLANG_ENABLE_OBJC_WEAK = YES;
				CLANG_WARN_BLOCK_CAPTURE_AUTORELEASING = YES;
				CLANG_WARN_BOOL_CONVERSION = YES;
				CLANG_WARN_COMMA = YES;
				CLANG_WARN_CONSTANT_CONVERSION = YES;
				CLANG_WARN_DEPRECATED_OBJC_IMPLEMENTATIONS = YES;
				CLANG_WARN_DIRECT_OBJC_ISA_USAGE = YES_ERROR;
				CLANG_WARN_DOCUMENTATION_COMMENTS = YES;
				CLANG_WARN_EMPTY_BODY = YES;
				CLANG_WARN_ENUM_CONVERSION = YES;
				CLANG_WARN_INFINITE_RECURSION = YES;
				CLANG_WARN_INT_CONVERSION = YES;
				CLANG_WARN_NON_LITERAL_NULL_CONVERSION = YES;
				CLANG_WARN_OBJC_IMPLICIT_RETAIN_SELF = YES;
				CLANG_WARN_OBJC_LITERAL_CONVERSION = YES;
				CLANG_WARN_OBJC_ROOT_CLASS = YES_ERROR;
				CLANG_WARN_QUOTED_INCLUDE_IN_FRAMEWORK_HEADER = YES;
				CLANG_WARN_RANGE_LOOP_ANALYSIS = YES;
				CLANG_WARN_STRICT_PROTOTYPES = YES;
				CLANG_WARN_SUSPICIOUS_MOVE = YES;
				CLANG_WARN_UNGUARDED_AVAILABILITY = YES_AGGRESSIVE;
				CLANG_WARN_UNREACHABLE_CODE = YES;
				CLANG_WARN__DUPLICATE_METHOD_MATCH = YES;
				COPY_PHASE_STRIP = NO;
				DEBUG_INFORMATION_FORMAT = "dwarf-with-dsym";
				ENABLE_NS_ASSERTIONS = NO;
				ENABLE_STRICT_OBJC_MSGSEND = YES;
				GCC_C_LANGUAGE_STANDARD = gnu11;
				GCC_NO_COMMON_BLOCKS = YES;
				GCC_WARN_64_TO_32_BIT_CONVERSION = YES;
				GCC_WARN_ABOUT_RETURN_TYPE = YES_ERROR;
				GCC_WARN_UNDECLARED_SELECTOR = YES;
				GCC_WARN_UNINITIALIZED_AUTOS = YES_AGGRESSIVE;
				GCC_WARN_UNUSED_FUNCTION = YES;
				GCC_WARN_UNUSED_VARIABLE = YES;
				IPHONEOS_DEPLOYMENT_TARGET = 16.2;
				MTL_ENABLE_DEBUG_INFO = NO;
				MTL_FAST_MATH = YES;
				SDKROOT = iphoneos;
				SWIFT_COMPILATION_MODE = wholemodule;
				SWIFT_OPTIMIZATION_LEVEL = "-O";
				VALIDATE_PRODUCT = YES;
			};
			name = Release;
		};
		2D536B6F29D6537C001F7BE2 /* Debug */ = {
			isa = XCBuildConfiguration;
			buildSettings = {
				ASSETCATALOG_COMPILER_APPICON_NAME = AppIcon;
				ASSETCATALOG_COMPILER_GLOBAL_ACCENT_COLOR_NAME = AccentColor;
				CODE_SIGN_STYLE = Automatic;
				CURRENT_PROJECT_VERSION = 1;
				DEVELOPMENT_ASSET_PATHS = "\"SwiftUIBasicAnimationsAndTransitions/Preview Content\"";
				DEVELOPMENT_TEAM = 5C5UNBSVK9;
				ENABLE_PREVIEWS = YES;
				GENERATE_INFOPLIST_FILE = YES;
				INFOPLIST_KEY_UIApplicationSceneManifest_Generation = YES;
				INFOPLIST_KEY_UIApplicationSupportsIndirectInputEvents = YES;
				INFOPLIST_KEY_UILaunchScreen_Generation = YES;
				INFOPLIST_KEY_UISupportedInterfaceOrientations_iPad = "UIInterfaceOrientationPortrait UIInterfaceOrientationPortraitUpsideDown UIInterfaceOrientationLandscapeLeft UIInterfaceOrientationLandscapeRight";
				INFOPLIST_KEY_UISupportedInterfaceOrientations_iPhone = "UIInterfaceOrientationPortrait UIInterfaceOrientationLandscapeLeft UIInterfaceOrientationLandscapeRight";
				LD_RUNPATH_SEARCH_PATHS = (
					"$(inherited)",
					"@executable_path/Frameworks",
				);
				MARKETING_VERSION = 1.0;
				PRODUCT_BUNDLE_IDENTIFIER = com.amjr.SwiftUIBasicAnimationsAndTransitions;
				PRODUCT_NAME = "$(TARGET_NAME)";
				SWIFT_EMIT_LOC_STRINGS = YES;
				SWIFT_VERSION = 5.0;
				TARGETED_DEVICE_FAMILY = "1,2";
			};
			name = Debug;
		};
		2D536B7029D6537C001F7BE2 /* Release */ = {
			isa = XCBuildConfiguration;
			buildSettings = {
				ASSETCATALOG_COMPILER_APPICON_NAME = AppIcon;
				ASSETCATALOG_COMPILER_GLOBAL_ACCENT_COLOR_NAME = AccentColor;
				CODE_SIGN_STYLE = Automatic;
				CURRENT_PROJECT_VERSION = 1;
				DEVELOPMENT_ASSET_PATHS = "\"SwiftUIBasicAnimationsAndTransitions/Preview Content\"";
				DEVELOPMENT_TEAM = 5C5UNBSVK9;
				ENABLE_PREVIEWS = YES;
				GENERATE_INFOPLIST_FILE = YES;
				INFOPLIST_KEY_UIApplicationSceneManifest_Generation = YES;
				INFOPLIST_KEY_UIApplicationSupportsIndirectInputEvents = YES;
				INFOPLIST_KEY_UILaunchScreen_Generation = YES;
				INFOPLIST_KEY_UISupportedInterfaceOrientations_iPad = "UIInterfaceOrientationPortrait UIInterfaceOrientationPortraitUpsideDown UIInterfaceOrientationLandscapeLeft UIInterfaceOrientationLandscapeRight";
				INFOPLIST_KEY_UISupportedInterfaceOrientations_iPhone = "UIInterfaceOrientationPortrait UIInterfaceOrientationLandscapeLeft UIInterfaceOrientationLandscapeRight";
				LD_RUNPATH_SEARCH_PATHS = (
					"$(inherited)",
					"@executable_path/Frameworks",
				);
				MARKETING_VERSION = 1.0;
				PRODUCT_BUNDLE_IDENTIFIER = com.amjr.SwiftUIBasicAnimationsAndTransitions;
				PRODUCT_NAME = "$(TARGET_NAME)";
				SWIFT_EMIT_LOC_STRINGS = YES;
				SWIFT_VERSION = 5.0;
				TARGETED_DEVICE_FAMILY = "1,2";
			};
			name = Release;
		};
/* End XCBuildConfiguration section */

/* Begin XCConfigurationList section */
		2D536B5B29D6537B001F7BE2 /* Build configuration list for PBXProject "SwiftUIBasicAnimationsAndTransitions" */ = {
			isa = XCConfigurationList;
			buildConfigurations = (
				2D536B6C29D6537C001F7BE2 /* Debug */,
				2D536B6D29D6537C001F7BE2 /* Release */,
			);
			defaultConfigurationIsVisible = 0;
			defaultConfigurationName = Release;
		};
		2D536B6E29D6537C001F7BE2 /* Build configuration list for PBXNativeTarget "SwiftUIBasicAnimationsAndTransitions" */ = {
			isa = XCConfigurationList;
			buildConfigurations = (
				2D536B6F29D6537C001F7BE2 /* Debug */,
				2D536B7029D6537C001F7BE2 /* Release */,
			);
			defaultConfigurationIsVisible = 0;
			defaultConfigurationName = Release;
		};
/* End XCConfigurationList section */
	};
	rootObject = 2D536B5829D6537B001F7BE2 /* Project object */;
}
