// !$*UTF8*$!
{
	archiveVersion = 1;
	classes = {
	};
	objectVersion = 56;
	objects = {

/* Begin PBXBuildFile section */
		2D6A530229D3837F00C21454 /* SwiftUIButtonApp.swift in Sources */ = {isa = PBXBuildFile; fileRef = 2D6A530129D3837F00C21454 /* SwiftUIButtonApp.swift */; };
		2D6A530429D3837F00C21454 /* ContentView.swift in Sources */ = {isa = PBXBuildFile; fileRef = 2D6A530329D3837F00C21454 /* ContentView.swift */; };
		2D6A530629D3838000C21454 /* Assets.xcassets in Resources */ = {isa = PBXBuildFile; fileRef = 2D6A530529D3838000C21454 /* Assets.xcassets */; };
		2D6A530929D3838000C21454 /* Preview Assets.xcassets in Resources */ = {isa = PBXBuildFile; fileRef = 2D6A530829D3838000C21454 /* Preview Assets.xcassets */; };
		2D6A531029D3AC8D00C21454 /* RoundedButton.swift in Sources */ = {isa = PBXBuildFile; fileRef = 2D6A530F29D3AC8D00C21454 /* RoundedButton.swift */; };
		2D6A531229D3AEE600C21454 /* CircleIconButton.swift in Sources */ = {isa = PBXBuildFile; fileRef = 2D6A531129D3AEE600C21454 /* CircleIconButton.swift */; };
		2D6A531429D3B28400C21454 /* RoundedIconButton.swift in Sources */ = {isa = PBXBuildFile; fileRef = 2D6A531329D3B28400C21454 /* RoundedIconButton.swift */; };
		2D6A531929D3B70800C21454 /* GradientButton.swift in Sources */ = {isa = PBXBuildFile; fileRef = 2D6A531829D3B70800C21454 /* GradientButton.swift */; };
		2D6A531B29D4500F00C21454 /* GradientBackgroundStyle.swift in Sources */ = {isa = PBXBuildFile; fileRef = 2D6A531A29D4500F00C21454 /* GradientBackgroundStyle.swift */; };
		2D6A531D29D451D900C21454 /* StyledButton.swift in Sources */ = {isa = PBXBuildFile; fileRef = 2D6A531C29D451D900C21454 /* StyledButton.swift */; };
		2D6A531F29D4532300C21454 /* CircleButtonStyle.swift in Sources */ = {isa = PBXBuildFile; fileRef = 2D6A531E29D4532300C21454 /* CircleButtonStyle.swift */; };
/* End PBXBuildFile section */

/* Begin PBXFileReference section */
		2D6A52FE29D3837F00C21454 /* SwiftUIButton.app */ = {isa = PBXFileReference; explicitFileType = wrapper.application; includeInIndex = 0; path = SwiftUIButton.app; sourceTree = BUILT_PRODUCTS_DIR; };
		2D6A530129D3837F00C21454 /* SwiftUIButtonApp.swift */ = {isa = PBXFileReference; lastKnownFileType = sourcecode.swift; path = SwiftUIButtonApp.swift; sourceTree = "<group>"; };
		2D6A530329D3837F00C21454 /* ContentView.swift */ = {isa = PBXFileReference; lastKnownFileType = sourcecode.swift; path = ContentView.swift; sourceTree = "<group>"; };
		2D6A530529D3838000C21454 /* Assets.xcassets */ = {isa = PBXFileReference; lastKnownFileType = folder.assetcatalog; path = Assets.xcassets; sourceTree = "<group>"; };
		2D6A530829D3838000C21454 /* Preview Assets.xcassets */ = {isa = PBXFileReference; lastKnownFileType = folder.assetcatalog; path = "Preview Assets.xcassets"; sourceTree = "<group>"; };
		2D6A530F29D3AC8D00C21454 /* RoundedButton.swift */ = {isa = PBXFileReference; lastKnownFileType = sourcecode.swift; path = RoundedButton.swift; sourceTree = "<group>"; };
		2D6A531129D3AEE600C21454 /* CircleIconButton.swift */ = {isa = PBXFileReference; lastKnownFileType = sourcecode.swift; path = CircleIconButton.swift; sourceTree = "<group>"; };
		2D6A531329D3B28400C21454 /* RoundedIconButton.swift */ = {isa = PBXFileReference; lastKnownFileType = sourcecode.swift; path = RoundedIconButton.swift; sourceTree = "<group>"; };
		2D6A531829D3B70800C21454 /* GradientButton.swift */ = {isa = PBXFileReference; lastKnownFileType = sourcecode.swift; path = GradientButton.swift; sourceTree = "<group>"; };
		2D6A531A29D4500F00C21454 /* GradientBackgroundStyle.swift */ = {isa = PBXFileReference; lastKnownFileType = sourcecode.swift; path = GradientBackgroundStyle.swift; sourceTree = "<group>"; };
		2D6A531C29D451D900C21454 /* StyledButton.swift */ = {isa = PBXFileReference; lastKnownFileType = sourcecode.swift; path = StyledButton.swift; sourceTree = "<group>"; };
		2D6A531E29D4532300C21454 /* CircleButtonStyle.swift */ = {isa = PBXFileReference; lastKnownFileType = sourcecode.swift; path = CircleButtonStyle.swift; sourceTree = "<group>"; };
/* End PBXFileReference section */

/* Begin PBXFrameworksBuildPhase section */
		2D6A52FB29D3837F00C21454 /* Frameworks */ = {
			isa = PBXFrameworksBuildPhase;
			buildActionMask = 2147483647;
			files = (
			);
			runOnlyForDeploymentPostprocessing = 0;
		};
/* End PBXFrameworksBuildPhase section */

/* Begin PBXGroup section */
		2D6A52F529D3837F00C21454 = {
			isa = PBXGroup;
			children = (
				2D6A530029D3837F00C21454 /* SwiftUIButton */,
				2D6A52FF29D3837F00C21454 /* Products */,
			);
			sourceTree = "<group>";
		};
		2D6A52FF29D3837F00C21454 /* Products */ = {
			isa = PBXGroup;
			children = (
				2D6A52FE29D3837F00C21454 /* SwiftUIButton.app */,
			);
			name = Products;
			sourceTree = "<group>";
		};
		2D6A530029D3837F00C21454 /* SwiftUIButton */ = {
			isa = PBXGroup;
			children = (
				2D6A531A29D4500F00C21454 /* GradientBackgroundStyle.swift */,
				2D6A530129D3837F00C21454 /* SwiftUIButtonApp.swift */,
				2D6A530329D3837F00C21454 /* ContentView.swift */,
				2D6A530529D3838000C21454 /* Assets.xcassets */,
				2D6A530729D3838000C21454 /* Preview Content */,
				2D6A530F29D3AC8D00C21454 /* RoundedButton.swift */,
				2D6A531129D3AEE600C21454 /* CircleIconButton.swift */,
				2D6A531329D3B28400C21454 /* RoundedIconButton.swift */,
				2D6A531829D3B70800C21454 /* GradientButton.swift */,
				2D6A531C29D451D900C21454 /* StyledButton.swift */,
				2D6A531E29D4532300C21454 /* CircleButtonStyle.swift */,
			);
			path = SwiftUIButton;
			sourceTree = "<group>";
		};
		2D6A530729D3838000C21454 /* Preview Content */ = {
			isa = PBXGroup;
			children = (
				2D6A530829D3838000C21454 /* Preview Assets.xcassets */,
			);
			path = "Preview Content";
			sourceTree = "<group>";
		};
/* End PBXGroup section */

/* Begin PBXNativeTarget section */
		2D6A52FD29D3837F00C21454 /* SwiftUIButton */ = {
			isa = PBXNativeTarget;
			buildConfigurationList = 2D6A530C29D3838000C21454 /* Build configuration list for PBXNativeTarget "SwiftUIButton" */;
			buildPhases = (
				2D6A52FA29D3837F00C21454 /* Sources */,
				2D6A52FB29D3837F00C21454 /* Frameworks */,
				2D6A52FC29D3837F00C21454 /* Resources */,
			);
			buildRules = (
			);
			dependencies = (
			);
			name = SwiftUIButton;
			productName = SwiftUIButton;
			productReference = 2D6A52FE29D3837F00C21454 /* SwiftUIButton.app */;
			productType = "com.apple.product-type.application";
		};
/* End PBXNativeTarget section */

/* Begin PBXProject section */
		2D6A52F629D3837F00C21454 /* Project object */ = {
			isa = PBXProject;
			attributes = {
				BuildIndependentTargetsInParallel = 1;
				LastSwiftUpdateCheck = 1420;
				LastUpgradeCheck = 1420;
				TargetAttributes = {
					2D6A52FD29D3837F00C21454 = {
						CreatedOnToolsVersion = 14.2;
					};
				};
			};
			buildConfigurationList = 2D6A52F929D3837F00C21454 /* Build configuration list for PBXProject "SwiftUIButton" */;
			compatibilityVersion = "Xcode 14.0";
			developmentRegion = en;
			hasScannedForEncodings = 0;
			knownRegions = (
				en,
				Base,
			);
			mainGroup = 2D6A52F529D3837F00C21454;
			productRefGroup = 2D6A52FF29D3837F00C21454 /* Products */;
			projectDirPath = "";
			projectRoot = "";
			targets = (
				2D6A52FD29D3837F00C21454 /* SwiftUIButton */,
			);
		};
/* End PBXProject section */

/* Begin PBXResourcesBuildPhase section */
		2D6A52FC29D3837F00C21454 /* Resources */ = {
			isa = PBXResourcesBuildPhase;
			buildActionMask = 2147483647;
			files = (
				2D6A530929D3838000C21454 /* Preview Assets.xcassets in Resources */,
				2D6A530629D3838000C21454 /* Assets.xcassets in Resources */,
			);
			runOnlyForDeploymentPostprocessing = 0;
		};
/* End PBXResourcesBuildPhase section */

/* Begin PBXSourcesBuildPhase section */
		2D6A52FA29D3837F00C21454 /* Sources */ = {
			isa = PBXSourcesBuildPhase;
			buildActionMask = 2147483647;
			files = (
				2D6A531229D3AEE600C21454 /* CircleIconButton.swift in Sources */,
				2D6A531929D3B70800C21454 /* GradientButton.swift in Sources */,
				2D6A531429D3B28400C21454 /* RoundedIconButton.swift in Sources */,
				2D6A531F29D4532300C21454 /* CircleButtonStyle.swift in Sources */,
				2D6A530429D3837F00C21454 /* ContentView.swift in Sources */,
				2D6A531029D3AC8D00C21454 /* RoundedButton.swift in Sources */,
				2D6A530229D3837F00C21454 /* SwiftUIButtonApp.swift in Sources */,
				2D6A531D29D451D900C21454 /* StyledButton.swift in Sources */,
				2D6A531B29D4500F00C21454 /* GradientBackgroundStyle.swift in Sources */,
			);
			runOnlyForDeploymentPostprocessing = 0;
		};
/* End PBXSourcesBuildPhase section */

/* Begin XCBuildConfiguration section */
		2D6A530A29D3838000C21454 /* Debug */ = {
			isa = XCBuildConfiguration;
			buildSettings = {
				ALWAYS_SEARCH_USER_PATHS = NO;
				CLANG_ANALYZER_NONNULL = YES;
				CLANG_ANALYZER_NUMBER_OBJECT_CONVERSION = YES_AGGRESSIVE;
				CLANG_CXX_LANGUAGE_STANDARD = "gnu++20";
				CLANG_ENABLE_MODULES = YES;
				CLANG_ENABLE_OBJC_ARC = YES;
				CLANG_ENABLE_OBJC_WEAK = YES;
				CLANG_WARN_BLOCK_CAPTURE_AUTORELEASING = YES;
				CLANG_WARN_BOOL_CONVERSION = YES;
				CLANG_WARN_COMMA = YES;
				CLANG_WARN_CONSTANT_CONVERSION = YES;
				CLANG_WARN_DEPRECATED_OBJC_IMPLEMENTATIONS = YES;
				CLANG_WARN_DIRECT_OBJC_ISA_USAGE = YES_ERROR;
				CLANG_WARN_DOCUMENTATION_COMMENTS = YES;
				CLANG_WARN_EMPTY_BODY = YES;
				CLANG_WARN_ENUM_CONVERSION = YES;
				CLANG_WARN_INFINITE_RECURSION = YES;
				CLANG_WARN_INT_CONVERSION = YES;
				CLANG_WARN_NON_LITERAL_NULL_CONVERSION = YES;
				CLANG_WARN_OBJC_IMPLICIT_RETAIN_SELF = YES;
				CLANG_WARN_OBJC_LITERAL_CONVERSION = YES;
				CLANG_WARN_OBJC_ROOT_CLASS = YES_ERROR;
				CLANG_WARN_QUOTED_INCLUDE_IN_FRAMEWORK_HEADER = YES;
				CLANG_WARN_RANGE_LOOP_ANALYSIS = YES;
				CLANG_WARN_STRICT_PROTOTYPES = YES;
				CLANG_WARN_SUSPICIOUS_MOVE = YES;
				CLANG_WARN_UNGUARDED_AVAILABILITY = YES_AGGRESSIVE;
				CLANG_WARN_UNREACHABLE_CODE = YES;
				CLANG_WARN__DUPLICATE_METHOD_MATCH = YES;
				COPY_PHASE_STRIP = NO;
				DEBUG_INFORMATION_FORMAT = dwarf;
				ENABLE_STRICT_OBJC_MSGSEND = YES;
				ENABLE_TESTABILITY = YES;
				GCC_C_LANGUAGE_STANDARD = gnu11;
				GCC_DYNAMIC_NO_PIC = NO;
				GCC_NO_COMMON_BLOCKS = YES;
				GCC_OPTIMIZATION_LEVEL = 0;
				GCC_PREPROCESSOR_DEFINITIONS = (
					"DEBUG=1",
					"$(inherited)",
				);
				GCC_WARN_64_TO_32_BIT_CONVERSION = YES;
				GCC_WARN_ABOUT_RETURN_TYPE = YES_ERROR;
				GCC_WARN_UNDECLARED_SELECTOR = YES;
				GCC_WARN_UNINITIALIZED_AUTOS = YES_AGGRESSIVE;
				GCC_WARN_UNUSED_FUNCTION = YES;
				GCC_WARN_UNUSED_VARIABLE = YES;
				IPHONEOS_DEPLOYMENT_TARGET = 16.2;
				MTL_ENABLE_DEBUG_INFO = INCLUDE_SOURCE;
				MTL_FAST_MATH = YES;
				ONLY_ACTIVE_ARCH = YES;
				SDKROOT = iphoneos;
				SWIFT_ACTIVE_COMPILATION_CONDITIONS = DEBUG;
				SWIFT_OPTIMIZATION_LEVEL = "-Onone";
			};
			name = Debug;
		};
		2D6A530B29D3838000C21454 /* Release */ = {
			isa = XCBuildConfiguration;
			buildSettings = {
				ALWAYS_SEARCH_USER_PATHS = NO;
				CLANG_ANALYZER_NONNULL = YES;
				CLANG_ANALYZER_NUMBER_OBJECT_CONVERSION = YES_AGGRESSIVE;
				CLANG_CXX_LANGUAGE_STANDARD = "gnu++20";
				CLANG_ENABLE_MODULES = YES;
				CLANG_ENABLE_OBJC_ARC = YES;
				CLANG_ENABLE_OBJC_WEAK = YES;
				CLANG_WARN_BLOCK_CAPTURE_AUTORELEASING = YES;
				CLANG_WARN_BOOL_CONVERSION = YES;
				CLANG_WARN_COMMA = YES;
				CLANG_WARN_CONSTANT_CONVERSION = YES;
				CLANG_WARN_DEPRECATED_OBJC_IMPLEMENTATIONS = YES;
				CLANG_WARN_DIRECT_OBJC_ISA_USAGE = YES_ERROR;
				CLANG_WARN_DOCUMENTATION_COMMENTS = YES;
				CLANG_WARN_EMPTY_BODY = YES;
				CLANG_WARN_ENUM_CONVERSION = YES;
				CLANG_WARN_INFINITE_RECURSION = YES;
				CLANG_WARN_INT_CONVERSION = YES;
				CLANG_WARN_NON_LITERAL_NULL_CONVERSION = YES;
				CLANG_WARN_OBJC_IMPLICIT_RETAIN_SELF = YES;
				CLANG_WARN_OBJC_LITERAL_CONVERSION = YES;
				CLANG_WARN_OBJC_ROOT_CLASS = YES_ERROR;
				CLANG_WARN_QUOTED_INCLUDE_IN_FRAMEWORK_HEADER = YES;
				CLANG_WARN_RANGE_LOOP_ANALYSIS = YES;
				CLANG_WARN_STRICT_PROTOTYPES = YES;
				CLANG_WARN_SUSPICIOUS_MOVE = YES;
				CLANG_WARN_UNGUARDED_AVAILABILITY = YES_AGGRESSIVE;
				CLANG_WARN_UNREACHABLE_CODE = YES;
				CLANG_WARN__DUPLICATE_METHOD_MATCH = YES;
				COPY_PHASE_STRIP = NO;
				DEBUG_INFORMATION_FORMAT = "dwarf-with-dsym";
				ENABLE_NS_ASSERTIONS = NO;
				ENABLE_STRICT_OBJC_MSGSEND = YES;
				GCC_C_LANGUAGE_STANDARD = gnu11;
				GCC_NO_COMMON_BLOCKS = YES;
				GCC_WARN_64_TO_32_BIT_CONVERSION = YES;
				GCC_WARN_ABOUT_RETURN_TYPE = YES_ERROR;
				GCC_WARN_UNDECLARED_SELECTOR = YES;
				GCC_WARN_UNINITIALIZED_AUTOS = YES_AGGRESSIVE;
				GCC_WARN_UNUSED_FUNCTION = YES;
				GCC_WARN_UNUSED_VARIABLE = YES;
				IPHONEOS_DEPLOYMENT_TARGET = 16.2;
				MTL_ENABLE_DEBUG_INFO = NO;
				MTL_FAST_MATH = YES;
				SDKROOT = iphoneos;
				SWIFT_COMPILATION_MODE = wholemodule;
				SWIFT_OPTIMIZATION_LEVEL = "-O";
				VALIDATE_PRODUCT = YES;
			};
			name = Release;
		};
		2D6A530D29D3838000C21454 /* Debug */ = {
			isa = XCBuildConfiguration;
			buildSettings = {
				ASSETCATALOG_COMPILER_APPICON_NAME = AppIcon;
				ASSETCATALOG_COMPILER_GLOBAL_ACCENT_COLOR_NAME = AccentColor;
				CODE_SIGN_STYLE = Automatic;
				CURRENT_PROJECT_VERSION = 1;
				DEVELOPMENT_ASSET_PATHS = "\"SwiftUIButton/Preview Content\"";
				DEVELOPMENT_TEAM = 5C5UNBSVK9;
				ENABLE_PREVIEWS = YES;
				GENERATE_INFOPLIST_FILE = YES;
				INFOPLIST_KEY_UIApplicationSceneManifest_Generation = YES;
				INFOPLIST_KEY_UIApplicationSupportsIndirectInputEvents = YES;
				INFOPLIST_KEY_UILaunchScreen_Generation = YES;
				INFOPLIST_KEY_UISupportedInterfaceOrientations_iPad = "UIInterfaceOrientationPortrait UIInterfaceOrientationPortraitUpsideDown UIInterfaceOrientationLandscapeLeft UIInterfaceOrientationLandscapeRight";
				INFOPLIST_KEY_UISupportedInterfaceOrientations_iPhone = "UIInterfaceOrientationPortrait UIInterfaceOrientationLandscapeLeft UIInterfaceOrientationLandscapeRight";
				LD_RUNPATH_SEARCH_PATHS = (
					"$(inherited)",
					"@executable_path/Frameworks",
				);
				MARKETING_VERSION = 1.0;
				PRODUCT_BUNDLE_IDENTIFIER = com.amjr.SwiftUIButton;
				PRODUCT_NAME = "$(TARGET_NAME)";
				SWIFT_EMIT_LOC_STRINGS = YES;
				SWIFT_VERSION = 5.0;
				TARGETED_DEVICE_FAMILY = "1,2";
			};
			name = Debug;
		};
		2D6A530E29D3838000C21454 /* Release */ = {
			isa = XCBuildConfiguration;
			buildSettings = {
				ASSETCATALOG_COMPILER_APPICON_NAME = AppIcon;
				ASSETCATALOG_COMPILER_GLOBAL_ACCENT_COLOR_NAME = AccentColor;
				CODE_SIGN_STYLE = Automatic;
				CURRENT_PROJECT_VERSION = 1;
				DEVELOPMENT_ASSET_PATHS = "\"SwiftUIButton/Preview Content\"";
				DEVELOPMENT_TEAM = 5C5UNBSVK9;
				ENABLE_PREVIEWS = YES;
				GENERATE_INFOPLIST_FILE = YES;
				INFOPLIST_KEY_UIApplicationSceneManifest_Generation = YES;
				INFOPLIST_KEY_UIApplicationSupportsIndirectInputEvents = YES;
				INFOPLIST_KEY_UILaunchScreen_Generation = YES;
				INFOPLIST_KEY_UISupportedInterfaceOrientations_iPad = "UIInterfaceOrientationPortrait UIInterfaceOrientationPortraitUpsideDown UIInterfaceOrientationLandscapeLeft UIInterfaceOrientationLandscapeRight";
				INFOPLIST_KEY_UISupportedInterfaceOrientations_iPhone = "UIInterfaceOrientationPortrait UIInterfaceOrientationLandscapeLeft UIInterfaceOrientationLandscapeRight";
				LD_RUNPATH_SEARCH_PATHS = (
					"$(inherited)",
					"@executable_path/Frameworks",
				);
				MARKETING_VERSION = 1.0;
				PRODUCT_BUNDLE_IDENTIFIER = com.amjr.SwiftUIButton;
				PRODUCT_NAME = "$(TARGET_NAME)";
				SWIFT_EMIT_LOC_STRINGS = YES;
				SWIFT_VERSION = 5.0;
				TARGETED_DEVICE_FAMILY = "1,2";
			};
			name = Release;
		};
/* End XCBuildConfiguration section */

/* Begin XCConfigurationList section */
		2D6A52F929D3837F00C21454 /* Build configuration list for PBXProject "SwiftUIButton" */ = {
			isa = XCConfigurationList;
			buildConfigurations = (
				2D6A530A29D3838000C21454 /* Debug */,
				2D6A530B29D3838000C21454 /* Release */,
			);
			defaultConfigurationIsVisible = 0;
			defaultConfigurationName = Release;
		};
		2D6A530C29D3838000C21454 /* Build configuration list for PBXNativeTarget "SwiftUIButton" */ = {
			isa = XCConfigurationList;
			buildConfigurations = (
				2D6A530D29D3838000C21454 /* Debug */,
				2D6A530E29D3838000C21454 /* Release */,
			);
			defaultConfigurationIsVisible = 0;
			defaultConfigurationName = Release;
		};
/* End XCConfigurationList section */
	};
	rootObject = 2D6A52F629D3837F00C21454 /* Project object */;
}
